<?xml version="1.0" encoding="utf-8"?>
<Project ToolsVersion="4.0" xmlns="http://schemas.microsoft.com/developer/msbuild/2003">
  <ItemGroup>
    <Filter Include="リソース ファイル">
      <UniqueIdentifier>{67DA6AB6-F800-4c08-8B7A-83BB121AAD01}</UniqueIdentifier>
      <Extensions>rc;ico;cur;bmp;dlg;rc2;rct;bin;rgs;gif;jpg;jpeg;jpe;resx;tiff;tif;png;wav;mfcribbon-ms</Extensions>
    </Filter>
    <Filter Include="main">
      <UniqueIdentifier>{4FC737F1-C7A5-4376-A066-2A32D752A2FF}</UniqueIdentifier>
      <Extensions>cpp;c;cc;cxx;def;odl;idl;hpj;bat;asm;asmx</Extensions>
    </Filter>
    <Filter Include="main\Application">
      <UniqueIdentifier>{93995380-89BD-4b04-88EB-625FBE52EBFB}</UniqueIdentifier>
      <Extensions>h;hh;hpp;hxx;hm;inl;inc;xsd</Extensions>
    </Filter>
    <Filter Include="main\Application\Object">
      <UniqueIdentifier>{d83cffe4-a278-488b-92f7-681a5dc273c9}</UniqueIdentifier>
    </Filter>
    <Filter Include="main\Application\Object\Backgoround">
      <UniqueIdentifier>{d7fc846c-a93f-4f90-80c5-092981999de7}</UniqueIdentifier>
    </Filter>
  </ItemGroup>
  <ItemGroup>
    <ClCompile Include="main.cpp">
      <Filter>main</Filter>
    </ClCompile>
    <ClCompile Include="App\Application.cpp">
      <Filter>main\Application</Filter>
    </ClCompile>
    <ClCompile Include="Background\Backgoround.cpp">
      <Filter>main\Application\Object\Backgoround</Filter>
    </ClCompile>
    <ClCompile Include="Object\Object.cpp">
      <Filter>main\Application\Object</Filter>
    </ClCompile>
    <ClCompile Include="Object\ObjectManager.cpp">
      <Filter>main\Application\Object</Filter>
    </ClCompile>
  </ItemGroup>
  <ItemGroup>
    <ClInclude Include="App\Application.h">
      <Filter>main\Application</Filter>
    </ClInclude>
    <ClInclude Include="Background\Backgoround.h">
      <Filter>main\Application\Object\Backgoround</Filter>
    </ClInclude>
    <ClInclude Include="Object\Object.h">
      <Filter>main\Application\Object</Filter>
    </ClInclude>
    <ClInclude Include="Object\ObjectManager.h">
      <Filter>main\Application\Object</Filter>
    </ClInclude>
  </ItemGroup>
</Project>